
Microsoft Visual Studio Solution File, Format Version 12.00
# Visual Studio 15
VisualStudioVersion = 15.0.28307.645
MinimumVisualStudioVersion = 10.0.40219.1
Project("{FAE04EC0-301F-11D3-BF4B-00C04F79EFBC}") = "StudentMgmtSystem", "StudentMgmtSystem\StudentMgmtSystem.csproj", "{14B9021E-EF7C-4AE7-9A72-727831997BD5}"
EndProject
Global
	GlobalSection(SolutionConfigurationPlatforms) = preSolution
		Debug|Any CPU = Debug|Any CPU
		Release|Any CPU = Release|Any CPU
	EndGlobalSection
	GlobalSection(ProjectConfigurationPlatforms) = postSolution
		{14B9021E-EF7C-4AE7-9A72-727831997BD5}.Debug|Any CPU.ActiveCfg = Debug|Any CPU
		{14B9021E-EF7C-4AE7-9A72-727831997BD5}.Debug|Any CPU.Build.0 = Debug|Any CPU
		{14B9021E-EF7C-4AE7-9A72-727831997BD5}.Release|Any CPU.ActiveCfg = Release|Any CPU
		{14B9021E-EF7C-4AE7-9A72-727831997BD5}.Release|Any CPU.Build.0 = Release|Any CPU
	EndGlobalSection
	GlobalSection(SolutionProperties) = preSolution
		HideSolutionNode = FALSE
	EndGlobalSection
	GlobalSection(ExtensibilityGlobals) = postSolution
		SolutionGuid = {6876C99E-DC1C-4C66-B77E-D0D28B2C5EDB}
	EndGlobalSection
EndGlobal
